<?xml version="1.0" encoding="utf-8"?>
<Project ToolsVersion="4.0" xmlns="http://schemas.microsoft.com/developer/msbuild/2003">
  <ItemGroup>
    <Filter Include="src">
      <UniqueIdentifier>{2DAB880B-99B4-887C-2230-9F7C8E38947C}</UniqueIdentifier>
    </Filter>
    <Filter Include="src\GameEngine">
      <UniqueIdentifier>{8CEC7F4E-78BA-7354-614E-E47A4DBB4FB9}</UniqueIdentifier>
    </Filter>
    <Filter Include="src\GameEngine\Events">
      <UniqueIdentifier>{F08254D9-5CEF-0FD4-25E3-A731910E323C}</UniqueIdentifier>
    </Filter>
    <Filter Include="src\GameEngine\ImGui">
      <UniqueIdentifier>{B69AA22D-A229-2CF7-4B48-40F237B63C9D}</UniqueIdentifier>
    </Filter>
    <Filter Include="src\GameEngine\Renderer">
      <UniqueIdentifier>{B20D7C77-1E45-C40E-274F-28329305EB07}</UniqueIdentifier>
    </Filter>
    <Filter Include="src\Platform">
      <UniqueIdentifier>{21CA02E5-0D2D-9289-B6B2-CA3FA2F45D0C}</UniqueIdentifier>
    </Filter>
    <Filter Include="src\Platform\OpenGL">
      <UniqueIdentifier>{35A49437-A105-7245-2A73-B8F796D3A804}</UniqueIdentifier>
    </Filter>
    <Filter Include="src\Platform\Windows">
      <UniqueIdentifier>{5B054582-4794-CE4B-F0B2-E246DC20DFF1}</UniqueIdentifier>
    </Filter>
    <Filter Include="vendor">
      <UniqueIdentifier>{B3738122-9F15-ACF8-88D0-BF4C74113349}</UniqueIdentifier>
    </Filter>
    <Filter Include="vendor\glm">
      <UniqueIdentifier>{829FC5A8-6E57-07F6-D75E-E051C335A2E6}</UniqueIdentifier>
    </Filter>
    <Filter Include="vendor\glm\glm">
      <UniqueIdentifier>{D11AC9C9-BDE8-BCCF-A67C-2DF692E99834}</UniqueIdentifier>
    </Filter>
    <Filter Include="vendor\glm\glm\core">
      <UniqueIdentifier>{E9359AE0-5597-77EE-DE04-BEA04A65AEAD}</UniqueIdentifier>
    </Filter>
    <Filter Include="vendor\glm\glm\gtc">
      <UniqueIdentifier>{9EA6A76B-8A8A-68C1-F3EA-6214DFED5243}</UniqueIdentifier>
    </Filter>
    <Filter Include="vendor\glm\glm\gtx">
      <UniqueIdentifier>{B3A6A76B-9F8A-68C1-08EB-6214F4ED5243}</UniqueIdentifier>
    </Filter>
    <Filter Include="vendor\glm\glm\virtrev">
      <UniqueIdentifier>{F2938718-DE8D-B06A-C7FA-467BB39316D7}</UniqueIdentifier>
    </Filter>
  </ItemGroup>
  <ItemGroup>
    <ClInclude Include="src\GameEngine.h">
      <Filter>src</Filter>
    </ClInclude>
    <ClInclude Include="src\GameEngine\Application.h">
      <Filter>src\GameEngine</Filter>
    </ClInclude>
    <ClInclude Include="src\GameEngine\Core.h">
      <Filter>src\GameEngine</Filter>
    </ClInclude>
    <ClInclude Include="src\GameEngine\EntryPoint.h">
      <Filter>src\GameEngine</Filter>
    </ClInclude>
    <ClInclude Include="src\GameEngine\Events\ApplicationEvent.h">
      <Filter>src\GameEngine\Events</Filter>
    </ClInclude>
    <ClInclude Include="src\GameEngine\Events\Event.h">
      <Filter>src\GameEngine\Events</Filter>
    </ClInclude>
    <ClInclude Include="src\GameEngine\Events\KeyEvent.h">
      <Filter>src\GameEngine\Events</Filter>
    </ClInclude>
    <ClInclude Include="src\GameEngine\Events\MouseEvent.h">
      <Filter>src\GameEngine\Events</Filter>
    </ClInclude>
    <ClInclude Include="src\GameEngine\ImGui\ImGuiLayer.h">
      <Filter>src\GameEngine\ImGui</Filter>
    </ClInclude>
    <ClInclude Include="src\GameEngine\KeyCodes.h">
      <Filter>src\GameEngine</Filter>
    </ClInclude>
    <ClInclude Include="src\GameEngine\Layer.h">
      <Filter>src\GameEngine</Filter>
    </ClInclude>
    <ClInclude Include="src\GameEngine\LayerStack.h">
      <Filter>src\GameEngine</Filter>
    </ClInclude>
    <ClInclude Include="src\GameEngine\Log.h">
      <Filter>src\GameEngine</Filter>
    </ClInclude>
    <ClInclude Include="src\GameEngine\MouseCodes.h">
      <Filter>src\GameEngine</Filter>
    </ClInclude>
    <ClInclude Include="src\GameEngine\Renderer\Buffer.h">
      <Filter>src\GameEngine\Renderer</Filter>
    </ClInclude>
    <ClInclude Include="src\GameEngine\Renderer\GraphicsContext.h">
      <Filter>src\GameEngine\Renderer</Filter>
    </ClInclude>
    <ClInclude Include="src\GameEngine\Renderer\RenderCommand.h">
      <Filter>src\GameEngine\Renderer</Filter>
    </ClInclude>
    <ClInclude Include="src\GameEngine\Renderer\Renderer.h">
      <Filter>src\GameEngine\Renderer</Filter>
    </ClInclude>
    <ClInclude Include="src\GameEngine\Renderer\RendererAPI.h">
      <Filter>src\GameEngine\Renderer</Filter>
    </ClInclude>
    <ClInclude Include="src\GameEngine\Renderer\Shader.h">
      <Filter>src\GameEngine\Renderer</Filter>
    </ClInclude>
    <ClInclude Include="src\GameEngine\Renderer\VertexArray.h">
      <Filter>src\GameEngine\Renderer</Filter>
    </ClInclude>
    <ClInclude Include="src\GameEngine\Window.h">
      <Filter>src\GameEngine</Filter>
    </ClInclude>
    <ClInclude Include="src\Platform\OpenGL\OpenGLBuffer.h">
      <Filter>src\Platform\OpenGL</Filter>
    </ClInclude>
    <ClInclude Include="src\Platform\OpenGL\OpenGLContext.h">
      <Filter>src\Platform\OpenGL</Filter>
    </ClInclude>
    <ClInclude Include="src\Platform\OpenGL\OpenGLRendererAPI.h">
      <Filter>src\Platform\OpenGL</Filter>
    </ClInclude>
    <ClInclude Include="src\Platform\OpenGL\OpenGLShader.h">
      <Filter>src\Platform\OpenGL</Filter>
    </ClInclude>
    <ClInclude Include="src\Platform\OpenGL\OpenGLVertexArray.h">
      <Filter>src\Platform\OpenGL</Filter>
    </ClInclude>
    <ClInclude Include="src\Platform\Windows\WindowsWindow.h">
      <Filter>src\Platform\Windows</Filter>
    </ClInclude>
    <ClInclude Include="src\gepch.h">
      <Filter>src</Filter>
    </ClInclude>
    <ClInclude Include="vendor\glm\glm\core\_detail.hpp">
      <Filter>vendor\glm\glm\core</Filter>
    </ClInclude>
    <ClInclude Include="vendor\glm\glm\core\_fixes.hpp">
      <Filter>vendor\glm\glm\core</Filter>
    </ClInclude>
    <ClInclude Include="vendor\glm\glm\core\_swizzle.hpp">
      <Filter>vendor\glm\glm\core</Filter>
    </ClInclude>
    <ClInclude Include="vendor\glm\glm\core\_swizzle_func.hpp">
      <Filter>vendor\glm\glm\core</Filter>
    </ClInclude>
    <ClInclude Include="vendor\glm\glm\core\_vectorize.hpp">
      <Filter>vendor\glm\glm\core</Filter>
    </ClInclude>
    <ClInclude Include="vendor\glm\glm\core\func_common.hpp">
      <Filter>vendor\glm\glm\core</Filter>
    </ClInclude>
    <ClInclude Include="vendor\glm\glm\core\func_common.inl">
      <Filter>vendor\glm\glm\core</Filter>
    </ClInclude>
    <ClInclude Include="vendor\glm\glm\core\func_exponential.hpp">
      <Filter>vendor\glm\glm\core</Filter>
    </ClInclude>
    <ClInclude Include="vendor\glm\glm\core\func_exponential.inl">
      <Filter>vendor\glm\glm\core</Filter>
    </ClInclude>
    <ClInclude Include="vendor\glm\glm\core\func_geometric.hpp">
      <Filter>vendor\glm\glm\core</Filter>
    </ClInclude>
    <ClInclude Include="vendor\glm\glm\core\func_geometric.inl">
      <Filter>vendor\glm\glm\core</Filter>
    </ClInclude>
    <ClInclude Include="vendor\glm\glm\core\func_integer.hpp">
      <Filter>vendor\glm\glm\core</Filter>
    </ClInclude>
    <ClInclude Include="vendor\glm\glm\core\func_integer.inl">
      <Filter>vendor\glm\glm\core</Filter>
    </ClInclude>
    <ClInclude Include="vendor\glm\glm\core\func_matrix.hpp">
      <Filter>vendor\glm\glm\core</Filter>
    </ClInclude>
    <ClInclude Include="vendor\glm\glm\core\func_matrix.inl">
      <Filter>vendor\glm\glm\core</Filter>
    </ClInclude>
    <ClInclude Include="vendor\glm\glm\core\func_noise.hpp">
      <Filter>vendor\glm\glm\core</Filter>
    </ClInclude>
    <ClInclude Include="vendor\glm\glm\core\func_noise.inl">
      <Filter>vendor\glm\glm\core</Filter>
    </ClInclude>
    <ClInclude Include="vendor\glm\glm\core\func_packing.hpp">
      <Filter>vendor\glm\glm\core</Filter>
    </ClInclude>
    <ClInclude Include="vendor\glm\glm\core\func_packing.inl">
      <Filter>vendor\glm\glm\core</Filter>
    </ClInclude>
    <ClInclude Include="vendor\glm\glm\core\func_trigonometric.hpp">
      <Filter>vendor\glm\glm\core</Filter>
    </ClInclude>
    <ClInclude Include="vendor\glm\glm\core\func_trigonometric.inl">
      <Filter>vendor\glm\glm\core</Filter>
    </ClInclude>
    <ClInclude Include="vendor\glm\glm\core\func_vector_relational.hpp">
      <Filter>vendor\glm\glm\core</Filter>
    </ClInclude>
    <ClInclude Include="vendor\glm\glm\core\func_vector_relational.inl">
      <Filter>vendor\glm\glm\core</Filter>
    </ClInclude>
    <ClInclude Include="vendor\glm\glm\core\hint.hpp">
      <Filter>vendor\glm\glm\core</Filter>
    </ClInclude>
    <ClInclude Include="vendor\glm\glm\core\intrinsic_common.hpp">
      <Filter>vendor\glm\glm\core</Filter>
    </ClInclude>
    <ClInclude Include="vendor\glm\glm\core\intrinsic_common.inl">
      <Filter>vendor\glm\glm\core</Filter>
    </ClInclude>
    <ClInclude Include="vendor\glm\glm\core\intrinsic_exponential.hpp">
      <Filter>vendor\glm\glm\core</Filter>
    </ClInclude>
    <ClInclude Include="vendor\glm\glm\core\intrinsic_exponential.inl">
      <Filter>vendor\glm\glm\core</Filter>
    </ClInclude>
    <ClInclude Include="vendor\glm\glm\core\intrinsic_geometric.hpp">
      <Filter>vendor\glm\glm\core</Filter>
    </ClInclude>
    <ClInclude Include="vendor\glm\glm\core\intrinsic_geometric.inl">
      <Filter>vendor\glm\glm\core</Filter>
    </ClInclude>
    <ClInclude Include="vendor\glm\glm\core\intrinsic_matrix.hpp">
      <Filter>vendor\glm\glm\core</Filter>
    </ClInclude>
    <ClInclude Include="vendor\glm\glm\core\intrinsic_matrix.inl">
      <Filter>vendor\glm\glm\core</Filter>
    </ClInclude>
    <ClInclude Include="vendor\glm\glm\core\intrinsic_trigonometric.hpp">
      <Filter>vendor\glm\glm\core</Filter>
    </ClInclude>
    <ClInclude Include="vendor\glm\glm\core\intrinsic_trigonometric.inl">
      <Filter>vendor\glm\glm\core</Filter>
    </ClInclude>
    <ClInclude Include="vendor\glm\glm\core\intrinsic_vector_relational.hpp">
      <Filter>vendor\glm\glm\core</Filter>
    </ClInclude>
    <ClInclude Include="vendor\glm\glm\core\intrinsic_vector_relational.inl">
      <Filter>vendor\glm\glm\core</Filter>
    </ClInclude>
    <ClInclude Include="vendor\glm\glm\core\setup.hpp">
      <Filter>vendor\glm\glm\core</Filter>
    </ClInclude>
    <ClInclude Include="vendor\glm\glm\core\type.hpp">
      <Filter>vendor\glm\glm\core</Filter>
    </ClInclude>
    <ClInclude Include="vendor\glm\glm\core\type_float.hpp">
      <Filter>vendor\glm\glm\core</Filter>
    </ClInclude>
    <ClInclude Include="vendor\glm\glm\core\type_gentype.hpp">
      <Filter>vendor\glm\glm\core</Filter>
    </ClInclude>
    <ClInclude Include="vendor\glm\glm\core\type_gentype.inl">
      <Filter>vendor\glm\glm\core</Filter>
    </ClInclude>
    <ClInclude Include="vendor\glm\glm\core\type_half.hpp">
      <Filter>vendor\glm\glm\core</Filter>
    </ClInclude>
    <ClInclude Include="vendor\glm\glm\core\type_half.inl">
      <Filter>vendor\glm\glm\core</Filter>
    </ClInclude>
    <ClInclude Include="vendor\glm\glm\core\type_int.hpp">
      <Filter>vendor\glm\glm\core</Filter>
    </ClInclude>
    <ClInclude Include="vendor\glm\glm\core\type_mat.hpp">
      <Filter>vendor\glm\glm\core</Filter>
    </ClInclude>
    <ClInclude Include="vendor\glm\glm\core\type_mat.inl">
      <Filter>vendor\glm\glm\core</Filter>
    </ClInclude>
    <ClInclude Include="vendor\glm\glm\core\type_mat2x2.hpp">
      <Filter>vendor\glm\glm\core</Filter>
    </ClInclude>
    <ClInclude Include="vendor\glm\glm\core\type_mat2x2.inl">
      <Filter>vendor\glm\glm\core</Filter>
    </ClInclude>
    <ClInclude Include="vendor\glm\glm\core\type_mat2x3.hpp">
      <Filter>vendor\glm\glm\core</Filter>
    </ClInclude>
    <ClInclude Include="vendor\glm\glm\core\type_mat2x3.inl">
      <Filter>vendor\glm\glm\core</Filter>
    </ClInclude>
    <ClInclude Include="vendor\glm\glm\core\type_mat2x4.hpp">
      <Filter>vendor\glm\glm\core</Filter>
    </ClInclude>
    <ClInclude Include="vendor\glm\glm\core\type_mat2x4.inl">
      <Filter>vendor\glm\glm\core</Filter>
    </ClInclude>
    <ClInclude Include="vendor\glm\glm\core\type_mat3x2.hpp">
      <Filter>vendor\glm\glm\core</Filter>
    </ClInclude>
    <ClInclude Include="vendor\glm\glm\core\type_mat3x2.inl">
      <Filter>vendor\glm\glm\core</Filter>
    </ClInclude>
    <ClInclude Include="vendor\glm\glm\core\type_mat3x3.hpp">
      <Filter>vendor\glm\glm\core</Filter>
    </ClInclude>
    <ClInclude Include="vendor\glm\glm\core\type_mat3x3.inl">
      <Filter>vendor\glm\glm\core</Filter>
    </ClInclude>
    <ClInclude Include="vendor\glm\glm\core\type_mat3x4.hpp">
      <Filter>vendor\glm\glm\core</Filter>
    </ClInclude>
    <ClInclude Include="vendor\glm\glm\core\type_mat3x4.inl">
      <Filter>vendor\glm\glm\core</Filter>
    </ClInclude>
    <ClInclude Include="vendor\glm\glm\core\type_mat4x2.hpp">
      <Filter>vendor\glm\glm\core</Filter>
    </ClInclude>
    <ClInclude Include="vendor\glm\glm\core\type_mat4x2.inl">
      <Filter>vendor\glm\glm\core</Filter>
    </ClInclude>
    <ClInclude Include="vendor\glm\glm\core\type_mat4x3.hpp">
      <Filter>vendor\glm\glm\core</Filter>
    </ClInclude>
    <ClInclude Include="vendor\glm\glm\core\type_mat4x3.inl">
      <Filter>vendor\glm\glm\core</Filter>
    </ClInclude>
    <ClInclude Include="vendor\glm\glm\core\type_mat4x4.hpp">
      <Filter>vendor\glm\glm\core</Filter>
    </ClInclude>
    <ClInclude Include="vendor\glm\glm\core\type_mat4x4.inl">
      <Filter>vendor\glm\glm\core</Filter>
    </ClInclude>
    <ClInclude Include="vendor\glm\glm\core\type_size.hpp">
      <Filter>vendor\glm\glm\core</Filter>
    </ClInclude>
    <ClInclude Include="vendor\glm\glm\core\type_vec.hpp">
      <Filter>vendor\glm\glm\core</Filter>
    </ClInclude>
    <ClInclude Include="vendor\glm\glm\core\type_vec.inl">
      <Filter>vendor\glm\glm\core</Filter>
    </ClInclude>
    <ClInclude Include="vendor\glm\glm\core\type_vec1.hpp">
      <Filter>vendor\glm\glm\core</Filter>
    </ClInclude>
    <ClInclude Include="vendor\glm\glm\core\type_vec1.inl">
      <Filter>vendor\glm\glm\core</Filter>
    </ClInclude>
    <ClInclude Include="vendor\glm\glm\core\type_vec2.hpp">
      <Filter>vendor\glm\glm\core</Filter>
    </ClInclude>
    <ClInclude Include="vendor\glm\glm\core\type_vec2.inl">
      <Filter>vendor\glm\glm\core</Filter>
    </ClInclude>
    <ClInclude Include="vendor\glm\glm\core\type_vec3.hpp">
      <Filter>vendor\glm\glm\core</Filter>
    </ClInclude>
    <ClInclude Include="vendor\glm\glm\core\type_vec3.inl">
      <Filter>vendor\glm\glm\core</Filter>
    </ClInclude>
    <ClInclude Include="vendor\glm\glm\core\type_vec4.hpp">
      <Filter>vendor\glm\glm\core</Filter>
    </ClInclude>
    <ClInclude Include="vendor\glm\glm\core\type_vec4.inl">
      <Filter>vendor\glm\glm\core</Filter>
    </ClInclude>
    <ClInclude Include="vendor\glm\glm\ext.hpp">
      <Filter>vendor\glm\glm</Filter>
    </ClInclude>
    <ClInclude Include="vendor\glm\glm\glm.hpp">
      <Filter>vendor\glm\glm</Filter>
    </ClInclude>
    <ClInclude Include="vendor\glm\glm\gtc\half_float.hpp">
      <Filter>vendor\glm\glm\gtc</Filter>
    </ClInclude>
    <ClInclude Include="vendor\glm\glm\gtc\half_float.inl">
      <Filter>vendor\glm\glm\gtc</Filter>
    </ClInclude>
    <ClInclude Include="vendor\glm\glm\gtc\matrix_access.hpp">
      <Filter>vendor\glm\glm\gtc</Filter>
    </ClInclude>
    <ClInclude Include="vendor\glm\glm\gtc\matrix_access.inl">
      <Filter>vendor\glm\glm\gtc</Filter>
    </ClInclude>
    <ClInclude Include="vendor\glm\glm\gtc\matrix_integer.hpp">
      <Filter>vendor\glm\glm\gtc</Filter>
    </ClInclude>
    <ClInclude Include="vendor\glm\glm\gtc\matrix_inverse.hpp">
      <Filter>vendor\glm\glm\gtc</Filter>
    </ClInclude>
    <ClInclude Include="vendor\glm\glm\gtc\matrix_inverse.inl">
      <Filter>vendor\glm\glm\gtc</Filter>
    </ClInclude>
    <ClInclude Include="vendor\glm\glm\gtc\matrix_transform.hpp">
      <Filter>vendor\glm\glm\gtc</Filter>
    </ClInclude>
    <ClInclude Include="vendor\glm\glm\gtc\matrix_transform.inl">
      <Filter>vendor\glm\glm\gtc</Filter>
    </ClInclude>
    <ClInclude Include="vendor\glm\glm\gtc\noise.hpp">
      <Filter>vendor\glm\glm\gtc</Filter>
    </ClInclude>
    <ClInclude Include="vendor\glm\glm\gtc\noise.inl">
      <Filter>vendor\glm\glm\gtc</Filter>
    </ClInclude>
    <ClInclude Include="vendor\glm\glm\gtc\quaternion.hpp">
      <Filter>vendor\glm\glm\gtc</Filter>
    </ClInclude>
    <ClInclude Include="vendor\glm\glm\gtc\quaternion.inl">
      <Filter>vendor\glm\glm\gtc</Filter>
    </ClInclude>
    <ClInclude Include="vendor\glm\glm\gtc\random.hpp">
      <Filter>vendor\glm\glm\gtc</Filter>
    </ClInclude>
    <ClInclude Include="vendor\glm\glm\gtc\random.inl">
      <Filter>vendor\glm\glm\gtc</Filter>
    </ClInclude>
    <ClInclude Include="vendor\glm\glm\gtc\swizzle.hpp">
      <Filter>vendor\glm\glm\gtc</Filter>
    </ClInclude>
    <ClInclude Include="vendor\glm\glm\gtc\swizzle.inl">
      <Filter>vendor\glm\glm\gtc</Filter>
    </ClInclude>
    <ClInclude Include="vendor\glm\glm\gtc\type_precision.hpp">
      <Filter>vendor\glm\glm\gtc</Filter>
    </ClInclude>
    <ClInclude Include="vendor\glm\glm\gtc\type_precision.inl">
      <Filter>vendor\glm\glm\gtc</Filter>
    </ClInclude>
    <ClInclude Include="vendor\glm\glm\gtc\type_ptr.hpp">
      <Filter>vendor\glm\glm\gtc</Filter>
    </ClInclude>
    <ClInclude Include="vendor\glm\glm\gtc\type_ptr.inl">
      <Filter>vendor\glm\glm\gtc</Filter>
    </ClInclude>
    <ClInclude Include="vendor\glm\glm\gtx\associated_min_max.hpp">
      <Filter>vendor\glm\glm\gtx</Filter>
    </ClInclude>
    <ClInclude Include="vendor\glm\glm\gtx\associated_min_max.inl">
      <Filter>vendor\glm\glm\gtx</Filter>
    </ClInclude>
    <ClInclude Include="vendor\glm\glm\gtx\bit.hpp">
      <Filter>vendor\glm\glm\gtx</Filter>
    </ClInclude>
    <ClInclude Include="vendor\glm\glm\gtx\bit.inl">
      <Filter>vendor\glm\glm\gtx</Filter>
    </ClInclude>
    <ClInclude Include="vendor\glm\glm\gtx\closest_point.hpp">
      <Filter>vendor\glm\glm\gtx</Filter>
    </ClInclude>
    <ClInclude Include="vendor\glm\glm\gtx\closest_point.inl">
      <Filter>vendor\glm\glm\gtx</Filter>
    </ClInclude>
    <ClInclude Include="vendor\glm\glm\gtx\color_cast.hpp">
      <Filter>vendor\glm\glm\gtx</Filter>
    </ClInclude>
    <ClInclude Include="vendor\glm\glm\gtx\color_cast.inl">
      <Filter>vendor\glm\glm\gtx</Filter>
    </ClInclude>
    <ClInclude Include="vendor\glm\glm\gtx\color_space.hpp">
      <Filter>vendor\glm\glm\gtx</Filter>
    </ClInclude>
    <ClInclude Include="vendor\glm\glm\gtx\color_space.inl">
      <Filter>vendor\glm\glm\gtx</Filter>
    </ClInclude>
    <ClInclude Include="vendor\glm\glm\gtx\color_space_YCoCg.hpp">
      <Filter>vendor\glm\glm\gtx</Filter>
    </ClInclude>
    <ClInclude Include="vendor\glm\glm\gtx\color_space_YCoCg.inl">
      <Filter>vendor\glm\glm\gtx</Filter>
    </ClInclude>
    <ClInclude Include="vendor\glm\glm\gtx\compatibility.hpp">
      <Filter>vendor\glm\glm\gtx</Filter>
    </ClInclude>
    <ClInclude Include="vendor\glm\glm\gtx\compatibility.inl">
      <Filter>vendor\glm\glm\gtx</Filter>
    </ClInclude>
    <ClInclude Include="vendor\glm\glm\gtx\component_wise.hpp">
      <Filter>vendor\glm\glm\gtx</Filter>
    </ClInclude>
    <ClInclude Include="vendor\glm\glm\gtx\component_wise.inl">
      <Filter>vendor\glm\glm\gtx</Filter>
    </ClInclude>
    <ClInclude Include="vendor\glm\glm\gtx\constants.hpp">
      <Filter>vendor\glm\glm\gtx</Filter>
    </ClInclude>
    <ClInclude Include="vendor\glm\glm\gtx\constants.inl">
      <Filter>vendor\glm\glm\gtx</Filter>
    </ClInclude>
    <ClInclude Include="vendor\glm\glm\gtx\epsilon.hpp">
      <Filter>vendor\glm\glm\gtx</Filter>
    </ClInclude>
    <ClInclude Include="vendor\glm\glm\gtx\epsilon.inl">
      <Filter>vendor\glm\glm\gtx</Filter>
    </ClInclude>
    <ClInclude Include="vendor\glm\glm\gtx\euler_angles.hpp">
      <Filter>vendor\glm\glm\gtx</Filter>
    </ClInclude>
    <ClInclude Include="vendor\glm\glm\gtx\euler_angles.inl">
      <Filter>vendor\glm\glm\gtx</Filter>
    </ClInclude>
    <ClInclude Include="vendor\glm\glm\gtx\extend.hpp">
      <Filter>vendor\glm\glm\gtx</Filter>
    </ClInclude>
    <ClInclude Include="vendor\glm\glm\gtx\extend.inl">
      <Filter>vendor\glm\glm\gtx</Filter>
    </ClInclude>
    <ClInclude Include="vendor\glm\glm\gtx\extented_min_max.hpp">
      <Filter>vendor\glm\glm\gtx</Filter>
    </ClInclude>
    <ClInclude Include="vendor\glm\glm\gtx\extented_min_max.inl">
      <Filter>vendor\glm\glm\gtx</Filter>
    </ClInclude>
    <ClInclude Include="vendor\glm\glm\gtx\fast_exponential.hpp">
      <Filter>vendor\glm\glm\gtx</Filter>
    </ClInclude>
    <ClInclude Include="vendor\glm\glm\gtx\fast_exponential.inl">
      <Filter>vendor\glm\glm\gtx</Filter>
    </ClInclude>
    <ClInclude Include="vendor\glm\glm\gtx\fast_square_root.hpp">
      <Filter>vendor\glm\glm\gtx</Filter>
    </ClInclude>
    <ClInclude Include="vendor\glm\glm\gtx\fast_square_root.inl">
      <Filter>vendor\glm\glm\gtx</Filter>
    </ClInclude>
    <ClInclude Include="vendor\glm\glm\gtx\fast_trigonometry.hpp">
      <Filter>vendor\glm\glm\gtx</Filter>
    </ClInclude>
    <ClInclude Include="vendor\glm\glm\gtx\fast_trigonometry.inl">
      <Filter>vendor\glm\glm\gtx</Filter>
    </ClInclude>
    <ClInclude Include="vendor\glm\glm\gtx\gradient_paint.hpp">
      <Filter>vendor\glm\glm\gtx</Filter>
    </ClInclude>
    <ClInclude Include="vendor\glm\glm\gtx\gradient_paint.inl">
      <Filter>vendor\glm\glm\gtx</Filter>
    </ClInclude>
    <ClInclude Include="vendor\glm\glm\gtx\handed_coordinate_space.hpp">
      <Filter>vendor\glm\glm\gtx</Filter>
    </ClInclude>
    <ClInclude Include="vendor\glm\glm\gtx\handed_coordinate_space.inl">
      <Filter>vendor\glm\glm\gtx</Filter>
    </ClInclude>
    <ClInclude Include="vendor\glm\glm\gtx\inertia.hpp">
      <Filter>vendor\glm\glm\gtx</Filter>
    </ClInclude>
    <ClInclude Include="vendor\glm\glm\gtx\inertia.inl">
      <Filter>vendor\glm\glm\gtx</Filter>
    </ClInclude>
    <ClInclude Include="vendor\glm\glm\gtx\int_10_10_10_2.hpp">
      <Filter>vendor\glm\glm\gtx</Filter>
    </ClInclude>
    <ClInclude Include="vendor\glm\glm\gtx\int_10_10_10_2.inl">
      <Filter>vendor\glm\glm\gtx</Filter>
    </ClInclude>
    <ClInclude Include="vendor\glm\glm\gtx\integer.hpp">
      <Filter>vendor\glm\glm\gtx</Filter>
    </ClInclude>
    <ClInclude Include="vendor\glm\glm\gtx\integer.inl">
      <Filter>vendor\glm\glm\gtx</Filter>
    </ClInclude>
    <ClInclude Include="vendor\glm\glm\gtx\intersect.hpp">
      <Filter>vendor\glm\glm\gtx</Filter>
    </ClInclude>
    <ClInclude Include="vendor\glm\glm\gtx\intersect.inl">
      <Filter>vendor\glm\glm\gtx</Filter>
    </ClInclude>
    <ClInclude Include="vendor\glm\glm\gtx\log_base.hpp">
      <Filter>vendor\glm\glm\gtx</Filter>
    </ClInclude>
    <ClInclude Include="vendor\glm\glm\gtx\log_base.inl">
      <Filter>vendor\glm\glm\gtx</Filter>
    </ClInclude>
    <ClInclude Include="vendor\glm\glm\gtx\matrix_cross_product.hpp">
      <Filter>vendor\glm\glm\gtx</Filter>
    </ClInclude>
    <ClInclude Include="vendor\glm\glm\gtx\matrix_cross_product.inl">
      <Filter>vendor\glm\glm\gtx</Filter>
    </ClInclude>
    <ClInclude Include="vendor\glm\glm\gtx\matrix_interpolation.hpp">
      <Filter>vendor\glm\glm\gtx</Filter>
    </ClInclude>
    <ClInclude Include="vendor\glm\glm\gtx\matrix_interpolation.inl">
      <Filter>vendor\glm\glm\gtx</Filter>
    </ClInclude>
    <ClInclude Include="vendor\glm\glm\gtx\matrix_major_storage.hpp">
      <Filter>vendor\glm\glm\gtx</Filter>
    </ClInclude>
    <ClInclude Include="vendor\glm\glm\gtx\matrix_major_storage.inl">
      <Filter>vendor\glm\glm\gtx</Filter>
    </ClInclude>
    <ClInclude Include="vendor\glm\glm\gtx\matrix_operation.hpp">
      <Filter>vendor\glm\glm\gtx</Filter>
    </ClInclude>
    <ClInclude Include="vendor\glm\glm\gtx\matrix_operation.inl">
      <Filter>vendor\glm\glm\gtx</Filter>
    </ClInclude>
    <ClInclude Include="vendor\glm\glm\gtx\matrix_query.hpp">
      <Filter>vendor\glm\glm\gtx</Filter>
    </ClInclude>
    <ClInclude Include="vendor\glm\glm\gtx\matrix_query.inl">
      <Filter>vendor\glm\glm\gtx</Filter>
    </ClInclude>
    <ClInclude Include="vendor\glm\glm\gtx\mixed_product.hpp">
      <Filter>vendor\glm\glm\gtx</Filter>
    </ClInclude>
    <ClInclude Include="vendor\glm\glm\gtx\mixed_product.inl">
      <Filter>vendor\glm\glm\gtx</Filter>
    </ClInclude>
    <ClInclude Include="vendor\glm\glm\gtx\multiple.hpp">
      <Filter>vendor\glm\glm\gtx</Filter>
    </ClInclude>
    <ClInclude Include="vendor\glm\glm\gtx\multiple.inl">
      <Filter>vendor\glm\glm\gtx</Filter>
    </ClInclude>
    <ClInclude Include="vendor\glm\glm\gtx\noise.hpp">
      <Filter>vendor\glm\glm\gtx</Filter>
    </ClInclude>
    <ClInclude Include="vendor\glm\glm\gtx\noise.inl">
      <Filter>vendor\glm\glm\gtx</Filter>
    </ClInclude>
    <ClInclude Include="vendor\glm\glm\gtx\norm.hpp">
      <Filter>vendor\glm\glm\gtx</Filter>
    </ClInclude>
    <ClInclude Include="vendor\glm\glm\gtx\norm.inl">
      <Filter>vendor\glm\glm\gtx</Filter>
    </ClInclude>
    <ClInclude Include="vendor\glm\glm\gtx\normal.hpp">
      <Filter>vendor\glm\glm\gtx</Filter>
    </ClInclude>
    <ClInclude Include="vendor\glm\glm\gtx\normal.inl">
      <Filter>vendor\glm\glm\gtx</Filter>
    </ClInclude>
    <ClInclude Include="vendor\glm\glm\gtx\normalize_dot.hpp">
      <Filter>vendor\glm\glm\gtx</Filter>
    </ClInclude>
    <ClInclude Include="vendor\glm\glm\gtx\normalize_dot.inl">
      <Filter>vendor\glm\glm\gtx</Filter>
    </ClInclude>
    <ClInclude Include="vendor\glm\glm\gtx\number_precision.hpp">
      <Filter>vendor\glm\glm\gtx</Filter>
    </ClInclude>
    <ClInclude Include="vendor\glm\glm\gtx\number_precision.inl">
      <Filter>vendor\glm\glm\gtx</Filter>
    </ClInclude>
    <ClInclude Include="vendor\glm\glm\gtx\ocl_type.hpp">
      <Filter>vendor\glm\glm\gtx</Filter>
    </ClInclude>
    <ClInclude Include="vendor\glm\glm\gtx\ocl_type.inl">
      <Filter>vendor\glm\glm\gtx</Filter>
    </ClInclude>
    <ClInclude Include="vendor\glm\glm\gtx\optimum_pow.hpp">
      <Filter>vendor\glm\glm\gtx</Filter>
    </ClInclude>
    <ClInclude Include="vendor\glm\glm\gtx\optimum_pow.inl">
      <Filter>vendor\glm\glm\gtx</Filter>
    </ClInclude>
    <ClInclude Include="vendor\glm\glm\gtx\orthonormalize.hpp">
      <Filter>vendor\glm\glm\gtx</Filter>
    </ClInclude>
    <ClInclude Include="vendor\glm\glm\gtx\orthonormalize.inl">
      <Filter>vendor\glm\glm\gtx</Filter>
    </ClInclude>
    <ClInclude Include="vendor\glm\glm\gtx\perpendicular.hpp">
      <Filter>vendor\glm\glm\gtx</Filter>
    </ClInclude>
    <ClInclude Include="vendor\glm\glm\gtx\perpendicular.inl">
      <Filter>vendor\glm\glm\gtx</Filter>
    </ClInclude>
    <ClInclude Include="vendor\glm\glm\gtx\polar_coordinates.hpp">
      <Filter>vendor\glm\glm\gtx</Filter>
    </ClInclude>
    <ClInclude Include="vendor\glm\glm\gtx\polar_coordinates.inl">
      <Filter>vendor\glm\glm\gtx</Filter>
    </ClInclude>
    <ClInclude Include="vendor\glm\glm\gtx\projection.hpp">
      <Filter>vendor\glm\glm\gtx</Filter>
    </ClInclude>
    <ClInclude Include="vendor\glm\glm\gtx\projection.inl">
      <Filter>vendor\glm\glm\gtx</Filter>
    </ClInclude>
    <ClInclude Include="vendor\glm\glm\gtx\quaternion.hpp">
      <Filter>vendor\glm\glm\gtx</Filter>
    </ClInclude>
    <ClInclude Include="vendor\glm\glm\gtx\quaternion.inl">
      <Filter>vendor\glm\glm\gtx</Filter>
    </ClInclude>
    <ClInclude Include="vendor\glm\glm\gtx\random.hpp">
      <Filter>vendor\glm\glm\gtx</Filter>
    </ClInclude>
    <ClInclude Include="vendor\glm\glm\gtx\random.inl">
      <Filter>vendor\glm\glm\gtx</Filter>
    </ClInclude>
    <ClInclude Include="vendor\glm\glm\gtx\raw_data.hpp">
      <Filter>vendor\glm\glm\gtx</Filter>
    </ClInclude>
    <ClInclude Include="vendor\glm\glm\gtx\raw_data.inl">
      <Filter>vendor\glm\glm\gtx</Filter>
    </ClInclude>
    <ClInclude Include="vendor\glm\glm\gtx\reciprocal.hpp">
      <Filter>vendor\glm\glm\gtx</Filter>
    </ClInclude>
    <ClInclude Include="vendor\glm\glm\gtx\reciprocal.inl">
      <Filter>vendor\glm\glm\gtx</Filter>
    </ClInclude>
    <ClInclude Include="vendor\glm\glm\gtx\rotate_vector.hpp">
      <Filter>vendor\glm\glm\gtx</Filter>
    </ClInclude>
    <ClInclude Include="vendor\glm\glm\gtx\rotate_vector.inl">
      <Filter>vendor\glm\glm\gtx</Filter>
    </ClInclude>
    <ClInclude Include="vendor\glm\glm\gtx\simd_mat4.hpp">
      <Filter>vendor\glm\glm\gtx</Filter>
    </ClInclude>
    <ClInclude Include="vendor\glm\glm\gtx\simd_mat4.inl">
      <Filter>vendor\glm\glm\gtx</Filter>
    </ClInclude>
    <ClInclude Include="vendor\glm\glm\gtx\simd_vec4.hpp">
      <Filter>vendor\glm\glm\gtx</Filter>
    </ClInclude>
    <ClInclude Include="vendor\glm\glm\gtx\simd_vec4.inl">
      <Filter>vendor\glm\glm\gtx</Filter>
    </ClInclude>
    <ClInclude Include="vendor\glm\glm\gtx\spline.hpp">
      <Filter>vendor\glm\glm\gtx</Filter>
    </ClInclude>
    <ClInclude Include="vendor\glm\glm\gtx\spline.inl">
      <Filter>vendor\glm\glm\gtx</Filter>
    </ClInclude>
    <ClInclude Include="vendor\glm\glm\gtx\std_based_type.hpp">
      <Filter>vendor\glm\glm\gtx</Filter>
    </ClInclude>
    <ClInclude Include="vendor\glm\glm\gtx\std_based_type.inl">
      <Filter>vendor\glm\glm\gtx</Filter>
    </ClInclude>
    <ClInclude Include="vendor\glm\glm\gtx\string_cast.hpp">
      <Filter>vendor\glm\glm\gtx</Filter>
    </ClInclude>
    <ClInclude Include="vendor\glm\glm\gtx\string_cast.inl">
      <Filter>vendor\glm\glm\gtx</Filter>
    </ClInclude>
    <ClInclude Include="vendor\glm\glm\gtx\transform.hpp">
      <Filter>vendor\glm\glm\gtx</Filter>
    </ClInclude>
    <ClInclude Include="vendor\glm\glm\gtx\transform.inl">
      <Filter>vendor\glm\glm\gtx</Filter>
    </ClInclude>
    <ClInclude Include="vendor\glm\glm\gtx\transform2.hpp">
      <Filter>vendor\glm\glm\gtx</Filter>
    </ClInclude>
    <ClInclude Include="vendor\glm\glm\gtx\transform2.inl">
      <Filter>vendor\glm\glm\gtx</Filter>
    </ClInclude>
    <ClInclude Include="vendor\glm\glm\gtx\ulp.hpp">
      <Filter>vendor\glm\glm\gtx</Filter>
    </ClInclude>
    <ClInclude Include="vendor\glm\glm\gtx\ulp.inl">
      <Filter>vendor\glm\glm\gtx</Filter>
    </ClInclude>
    <ClInclude Include="vendor\glm\glm\gtx\unsigned_int.hpp">
      <Filter>vendor\glm\glm\gtx</Filter>
    </ClInclude>
    <ClInclude Include="vendor\glm\glm\gtx\unsigned_int.inl">
      <Filter>vendor\glm\glm\gtx</Filter>
    </ClInclude>
    <ClInclude Include="vendor\glm\glm\gtx\vec1.hpp">
      <Filter>vendor\glm\glm\gtx</Filter>
    </ClInclude>
    <ClInclude Include="vendor\glm\glm\gtx\vec1.inl">
      <Filter>vendor\glm\glm\gtx</Filter>
    </ClInclude>
    <ClInclude Include="vendor\glm\glm\gtx\vector_access.hpp">
      <Filter>vendor\glm\glm\gtx</Filter>
    </ClInclude>
    <ClInclude Include="vendor\glm\glm\gtx\vector_access.inl">
      <Filter>vendor\glm\glm\gtx</Filter>
    </ClInclude>
    <ClInclude Include="vendor\glm\glm\gtx\vector_angle.hpp">
      <Filter>vendor\glm\glm\gtx</Filter>
    </ClInclude>
    <ClInclude Include="vendor\glm\glm\gtx\vector_angle.inl">
      <Filter>vendor\glm\glm\gtx</Filter>
    </ClInclude>
    <ClInclude Include="vendor\glm\glm\gtx\vector_query.hpp">
      <Filter>vendor\glm\glm\gtx</Filter>
    </ClInclude>
    <ClInclude Include="vendor\glm\glm\gtx\vector_query.inl">
      <Filter>vendor\glm\glm\gtx</Filter>
    </ClInclude>
    <ClInclude Include="vendor\glm\glm\gtx\verbose_operator.hpp">
      <Filter>vendor\glm\glm\gtx</Filter>
    </ClInclude>
    <ClInclude Include="vendor\glm\glm\gtx\verbose_operator.inl">
      <Filter>vendor\glm\glm\gtx</Filter>
    </ClInclude>
    <ClInclude Include="vendor\glm\glm\gtx\wrap.hpp">
      <Filter>vendor\glm\glm\gtx</Filter>
    </ClInclude>
    <ClInclude Include="vendor\glm\glm\gtx\wrap.inl">
      <Filter>vendor\glm\glm\gtx</Filter>
    </ClInclude>
    <ClInclude Include="vendor\glm\glm\virtrev\xstream.hpp">
      <Filter>vendor\glm\glm\virtrev</Filter>
    </ClInclude>
    <ClInclude Include="src\GameEngine\Renderer\PerspectiveCamera.h" />
  </ItemGroup>
  <ItemGroup>
    <ClCompile Include="src\GameEngine\Application.cpp">
      <Filter>src\GameEngine</Filter>
    </ClCompile>
    <ClCompile Include="src\GameEngine\ImGui\ImGuiBuild.cpp">
      <Filter>src\GameEngine\ImGui</Filter>
    </ClCompile>
    <ClCompile Include="src\GameEngine\ImGui\ImGuiLayer.cpp">
      <Filter>src\GameEngine\ImGui</Filter>
    </ClCompile>
    <ClCompile Include="src\GameEngine\Layer.cpp">
      <Filter>src\GameEngine</Filter>
    </ClCompile>
    <ClCompile Include="src\GameEngine\LayerStack.cpp">
      <Filter>src\GameEngine</Filter>
    </ClCompile>
    <ClCompile Include="src\GameEngine\Log.cpp">
      <Filter>src\GameEngine</Filter>
    </ClCompile>
    <ClCompile Include="src\GameEngine\Renderer\Buffer.cpp">
      <Filter>src\GameEngine\Renderer</Filter>
    </ClCompile>
    <ClCompile Include="src\GameEngine\Renderer\GraphicsContext.cpp">
      <Filter>src\GameEngine\Renderer</Filter>
    </ClCompile>
    <ClCompile Include="src\GameEngine\Renderer\RenderCommand.cpp">
      <Filter>src\GameEngine\Renderer</Filter>
    </ClCompile>
    <ClCompile Include="src\GameEngine\Renderer\Renderer.cpp">
      <Filter>src\GameEngine\Renderer</Filter>
    </ClCompile>
    <ClCompile Include="src\GameEngine\Renderer\RendererAPI.cpp">
      <Filter>src\GameEngine\Renderer</Filter>
    </ClCompile>
    <ClCompile Include="src\GameEngine\Renderer\Shader.cpp">
      <Filter>src\GameEngine\Renderer</Filter>
    </ClCompile>
    <ClCompile Include="src\GameEngine\Renderer\VertexArray.cpp">
      <Filter>src\GameEngine\Renderer</Filter>
    </ClCompile>
    <ClCompile Include="src\GameEngine\Window.cpp">
      <Filter>src\GameEngine</Filter>
    </ClCompile>
    <ClCompile Include="src\Platform\OpenGL\OpenGLBuffer.cpp">
      <Filter>src\Platform\OpenGL</Filter>
    </ClCompile>
    <ClCompile Include="src\Platform\OpenGL\OpenGLContext.cpp">
      <Filter>src\Platform\OpenGL</Filter>
    </ClCompile>
    <ClCompile Include="src\Platform\OpenGL\OpenGLRendererAPI.cpp">
      <Filter>src\Platform\OpenGL</Filter>
    </ClCompile>
    <ClCompile Include="src\Platform\OpenGL\OpenGLShader.cpp">
      <Filter>src\Platform\OpenGL</Filter>
    </ClCompile>
    <ClCompile Include="src\Platform\OpenGL\OpenGLVertexArray.cpp">
      <Filter>src\Platform\OpenGL</Filter>
    </ClCompile>
    <ClCompile Include="src\Platform\Windows\WindowsWindow.cpp">
      <Filter>src\Platform\Windows</Filter>
    </ClCompile>
    <ClCompile Include="src\gepch.cpp">
      <Filter>src</Filter>
    </ClCompile>
    <ClCompile Include="src\GameEngine\Renderer\PerspectiveCamera.cpp" />
  </ItemGroup>
</Project>